// !$*UTF8*$!
{
	archiveVersion = 1;
	classes = {
	};
	objectVersion = 55;
	objects = {

/* Begin PBXBuildFile section */
		BB8F3A182704B874008A8366 /* AppDelegate.swift in Sources */ = {isa = PBXBuildFile; fileRef = BB8F3A172704B874008A8366 /* AppDelegate.swift */; };
		BB8F3A1A2704B874008A8366 /* SceneDelegate.swift in Sources */ = {isa = PBXBuildFile; fileRef = BB8F3A192704B874008A8366 /* SceneDelegate.swift */; };
		BB8F3A1C2704B874008A8366 /* ViewController.swift in Sources */ = {isa = PBXBuildFile; fileRef = BB8F3A1B2704B874008A8366 /* ViewController.swift */; };
		BB8F3A1F2704B874008A8366 /* Main.storyboard in Resources */ = {isa = PBXBuildFile; fileRef = BB8F3A1D2704B874008A8366 /* Main.storyboard */; };
		BB8F3A212704B875008A8366 /* Assets.xcassets in Resources */ = {isa = PBXBuildFile; fileRef = BB8F3A202704B875008A8366 /* Assets.xcassets */; };
		BB8F3A242704B875008A8366 /* LaunchScreen.storyboard in Resources */ = {isa = PBXBuildFile; fileRef = BB8F3A222704B875008A8366 /* LaunchScreen.storyboard */; };
		BB8F3A2F2704B876008A8366 /* Wifi_TesterTests.swift in Sources */ = {isa = PBXBuildFile; fileRef = BB8F3A2E2704B876008A8366 /* Wifi_TesterTests.swift */; };
		BB8F3A392704B876008A8366 /* Wifi_TesterUITests.swift in Sources */ = {isa = PBXBuildFile; fileRef = BB8F3A382704B876008A8366 /* Wifi_TesterUITests.swift */; };
		BB8F3A3B2704B876008A8366 /* Wifi_TesterUITestsLaunchTests.swift in Sources */ = {isa = PBXBuildFile; fileRef = BB8F3A3A2704B876008A8366 /* Wifi_TesterUITestsLaunchTests.swift */; };
/* End PBXBuildFile section */

/* Begin PBXContainerItemProxy section */
		BB8F3A2B2704B876008A8366 /* PBXContainerItemProxy */ = {
			isa = PBXContainerItemProxy;
			containerPortal = BB8F3A0C2704B874008A8366 /* Project object */;
			proxyType = 1;
			remoteGlobalIDString = BB8F3A132704B874008A8366;
			remoteInfo = "Wifi Tester";
		};
		BB8F3A352704B876008A8366 /* PBXContainerItemProxy */ = {
			isa = PBXContainerItemProxy;
			containerPortal = BB8F3A0C2704B874008A8366 /* Project object */;
			proxyType = 1;
			remoteGlobalIDString = BB8F3A132704B874008A8366;
			remoteInfo = "Wifi Tester";
		};
/* End PBXContainerItemProxy section */

/* Begin PBXFileReference section */
		BB2FCF4C2704D99E0081AA93 /* Wifi Tester.entitlements */ = {isa = PBXFileReference; lastKnownFileType = text.plist.entitlements; path = "Wifi Tester.entitlements"; sourceTree = "<group>"; };
		BB8F3A142704B874008A8366 /* Wifi Tester.app */ = {isa = PBXFileReference; explicitFileType = wrapper.application; includeInIndex = 0; path = "Wifi Tester.app"; sourceTree = BUILT_PRODUCTS_DIR; };
		BB8F3A172704B874008A8366 /* AppDelegate.swift */ = {isa = PBXFileReference; lastKnownFileType = sourcecode.swift; path = AppDelegate.swift; sourceTree = "<group>"; };
		BB8F3A192704B874008A8366 /* SceneDelegate.swift */ = {isa = PBXFileReference; lastKnownFileType = sourcecode.swift; path = SceneDelegate.swift; sourceTree = "<group>"; };
		BB8F3A1B2704B874008A8366 /* ViewController.swift */ = {isa = PBXFileReference; lastKnownFileType = sourcecode.swift; path = ViewController.swift; sourceTree = "<group>"; };
		BB8F3A1E2704B874008A8366 /* Base */ = {isa = PBXFileReference; lastKnownFileType = file.storyboard; name = Base; path = Base.lproj/Main.storyboard; sourceTree = "<group>"; };
		BB8F3A202704B875008A8366 /* Assets.xcassets */ = {isa = PBXFileReference; lastKnownFileType = folder.assetcatalog; path = Assets.xcassets; sourceTree = "<group>"; };
		BB8F3A232704B875008A8366 /* Base */ = {isa = PBXFileReference; lastKnownFileType = file.storyboard; name = Base; path = Base.lproj/LaunchScreen.storyboard; sourceTree = "<group>"; };
		BB8F3A252704B875008A8366 /* Info.plist */ = {isa = PBXFileReference; lastKnownFileType = text.plist.xml; path = Info.plist; sourceTree = "<group>"; };
		BB8F3A2A2704B875008A8366 /* Wifi TesterTests.xctest */ = {isa = PBXFileReference; explicitFileType = wrapper.cfbundle; includeInIndex = 0; path = "Wifi TesterTests.xctest"; sourceTree = BUILT_PRODUCTS_DIR; };
		BB8F3A2E2704B876008A8366 /* Wifi_TesterTests.swift */ = {isa = PBXFileReference; lastKnownFileType = sourcecode.swift; path = Wifi_TesterTests.swift; sourceTree = "<group>"; };
		BB8F3A342704B876008A8366 /* Wifi TesterUITests.xctest */ = {isa = PBXFileReference; explicitFileType = wrapper.cfbundle; includeInIndex = 0; path = "Wifi TesterUITests.xctest"; sourceTree = BUILT_PRODUCTS_DIR; };
		BB8F3A382704B876008A8366 /* Wifi_TesterUITests.swift */ = {isa = PBXFileReference; lastKnownFileType = sourcecode.swift; path = Wifi_TesterUITests.swift; sourceTree = "<group>"; };
		BB8F3A3A2704B876008A8366 /* Wifi_TesterUITestsLaunchTests.swift */ = {isa = PBXFileReference; lastKnownFileType = sourcecode.swift; path = Wifi_TesterUITestsLaunchTests.swift; sourceTree = "<group>"; };
/* End PBXFileReference section */

/* Begin PBXFrameworksBuildPhase section */
		BB8F3A112704B874008A8366 /* Frameworks */ = {
			isa = PBXFrameworksBuildPhase;
			buildActionMask = 2147483647;
			files = (
			);
			runOnlyForDeploymentPostprocessing = 0;
		};
		BB8F3A272704B875008A8366 /* Frameworks */ = {
			isa = PBXFrameworksBuildPhase;
			buildActionMask = 2147483647;
			files = (
			);
			runOnlyForDeploymentPostprocessing = 0;
		};
		BB8F3A312704B876008A8366 /* Frameworks */ = {
			isa = PBXFrameworksBuildPhase;
			buildActionMask = 2147483647;
			files = (
			);
			runOnlyForDeploymentPostprocessing = 0;
		};
/* End PBXFrameworksBuildPhase section */

/* Begin PBXGroup section */
		BB8F3A0B2704B874008A8366 = {
			isa = PBXGroup;
			children = (
				BB8F3A162704B874008A8366 /* Wifi Tester */,
				BB8F3A2D2704B876008A8366 /* Wifi TesterTests */,
				BB8F3A372704B876008A8366 /* Wifi TesterUITests */,
				BB8F3A152704B874008A8366 /* Products */,
			);
			sourceTree = "<group>";
		};
		BB8F3A152704B874008A8366 /* Products */ = {
			isa = PBXGroup;
			children = (
				BB8F3A142704B874008A8366 /* Wifi Tester.app */,
				BB8F3A2A2704B875008A8366 /* Wifi TesterTests.xctest */,
				BB8F3A342704B876008A8366 /* Wifi TesterUITests.xctest */,
			);
			name = Products;
			sourceTree = "<group>";
		};
		BB8F3A162704B874008A8366 /* Wifi Tester */ = {
			isa = PBXGroup;
			children = (
				BB2FCF4C2704D99E0081AA93 /* Wifi Tester.entitlements */,
				BB8F3A172704B874008A8366 /* AppDelegate.swift */,
				BB8F3A192704B874008A8366 /* SceneDelegate.swift */,
				BB8F3A1B2704B874008A8366 /* ViewController.swift */,
				BB8F3A1D2704B874008A8366 /* Main.storyboard */,
				BB8F3A202704B875008A8366 /* Assets.xcassets */,
				BB8F3A222704B875008A8366 /* LaunchScreen.storyboard */,
				BB8F3A252704B875008A8366 /* Info.plist */,
			);
			path = "Wifi Tester";
			sourceTree = "<group>";
		};
		BB8F3A2D2704B876008A8366 /* Wifi TesterTests */ = {
			isa = PBXGroup;
			children = (
				BB8F3A2E2704B876008A8366 /* Wifi_TesterTests.swift */,
			);
			path = "Wifi TesterTests";
			sourceTree = "<group>";
		};
		BB8F3A372704B876008A8366 /* Wifi TesterUITests */ = {
			isa = PBXGroup;
			children = (
				BB8F3A382704B876008A8366 /* Wifi_TesterUITests.swift */,
				BB8F3A3A2704B876008A8366 /* Wifi_TesterUITestsLaunchTests.swift */,
			);
			path = "Wifi TesterUITests";
			sourceTree = "<group>";
		};
/* End PBXGroup section */

/* Begin PBXNativeTarget section */
		BB8F3A132704B874008A8366 /* Wifi Tester */ = {
			isa = PBXNativeTarget;
			buildConfigurationList = BB8F3A3E2704B876008A8366 /* Build configuration list for PBXNativeTarget "Wifi Tester" */;
			buildPhases = (
				BB8F3A102704B874008A8366 /* Sources */,
				BB8F3A112704B874008A8366 /* Frameworks */,
				BB8F3A122704B874008A8366 /* Resources */,
			);
			buildRules = (
			);
			dependencies = (
			);
			name = "Wifi Tester";
			productName = "Wifi Tester";
			productReference = BB8F3A142704B874008A8366 /* Wifi Tester.app */;
			productType = "com.apple.product-type.application";
		};
		BB8F3A292704B875008A8366 /* Wifi TesterTests */ = {
			isa = PBXNativeTarget;
			buildConfigurationList = BB8F3A412704B876008A8366 /* Build configuration list for PBXNativeTarget "Wifi TesterTests" */;
			buildPhases = (
				BB8F3A262704B875008A8366 /* Sources */,
				BB8F3A272704B875008A8366 /* Frameworks */,
				BB8F3A282704B875008A8366 /* Resources */,
			);
			buildRules = (
			);
			dependencies = (
				BB8F3A2C2704B876008A8366 /* PBXTargetDependency */,
			);
			name = "Wifi TesterTests";
			productName = "Wifi TesterTests";
			productReference = BB8F3A2A2704B875008A8366 /* Wifi TesterTests.xctest */;
			productType = "com.apple.product-type.bundle.unit-test";
		};
		BB8F3A332704B876008A8366 /* Wifi TesterUITests */ = {
			isa = PBXNativeTarget;
			buildConfigurationList = BB8F3A442704B876008A8366 /* Build configuration list for PBXNativeTarget "Wifi TesterUITests" */;
			buildPhases = (
				BB8F3A302704B876008A8366 /* Sources */,
				BB8F3A312704B876008A8366 /* Frameworks */,
				BB8F3A322704B876008A8366 /* Resources */,
			);
			buildRules = (
			);
			dependencies = (
				BB8F3A362704B876008A8366 /* PBXTargetDependency */,
			);
			name = "Wifi TesterUITests";
			productName = "Wifi TesterUITests";
			productReference = BB8F3A342704B876008A8366 /* Wifi TesterUITests.xctest */;
			productType = "com.apple.product-type.bundle.ui-testing";
		};
/* End PBXNativeTarget section */

/* Begin PBXProject section */
		BB8F3A0C2704B874008A8366 /* Project object */ = {
			isa = PBXProject;
			attributes = {
				BuildIndependentTargetsInParallel = 1;
				LastSwiftUpdateCheck = 1300;
				LastUpgradeCheck = 1300;
				TargetAttributes = {
					BB8F3A132704B874008A8366 = {
						CreatedOnToolsVersion = 13.0;
					};
					BB8F3A292704B875008A8366 = {
						CreatedOnToolsVersion = 13.0;
						TestTargetID = BB8F3A132704B874008A8366;
					};
					BB8F3A332704B876008A8366 = {
						CreatedOnToolsVersion = 13.0;
						TestTargetID = BB8F3A132704B874008A8366;
					};
				};
			};
			buildConfigurationList = BB8F3A0F2704B874008A8366 /* Build configuration list for PBXProject "Wifi Tester" */;
			compatibilityVersion = "Xcode 13.0";
			developmentRegion = en;
			hasScannedForEncodings = 0;
			knownRegions = (
				en,
				Base,
			);
			mainGroup = BB8F3A0B2704B874008A8366;
			productRefGroup = BB8F3A152704B874008A8366 /* Products */;
			projectDirPath = "";
			projectRoot = "";
			targets = (
				BB8F3A132704B874008A8366 /* Wifi Tester */,
				BB8F3A292704B875008A8366 /* Wifi TesterTests */,
				BB8F3A332704B876008A8366 /* Wifi TesterUITests */,
			);
		};
/* End PBXProject section */

/* Begin PBXResourcesBuildPhase section */
		BB8F3A122704B874008A8366 /* Resources */ = {
			isa = PBXResourcesBuildPhase;
			buildActionMask = 2147483647;
			files = (
				BB8F3A242704B875008A8366 /* LaunchScreen.storyboard in Resources */,
				BB8F3A212704B875008A8366 /* Assets.xcassets in Resources */,
				BB8F3A1F2704B874008A8366 /* Main.storyboard in Resources */,
			);
			runOnlyForDeploymentPostprocessing = 0;
		};
		BB8F3A282704B875008A8366 /* Resources */ = {
			isa = PBXResourcesBuildPhase;
			buildActionMask = 2147483647;
			files = (
			);
			runOnlyForDeploymentPostprocessing = 0;
		};
		BB8F3A322704B876008A8366 /* Resources */ = {
			isa = PBXResourcesBuildPhase;
			buildActionMask = 2147483647;
			files = (
			);
			runOnlyForDeploymentPostprocessing = 0;
		};
/* End PBXResourcesBuildPhase section */

/* Begin PBXSourcesBuildPhase section */
		BB8F3A102704B874008A8366 /* Sources */ = {
			isa = PBXSourcesBuildPhase;
			buildActionMask = 2147483647;
			files = (
				BB8F3A1C2704B874008A8366 /* ViewController.swift in Sources */,
				BB8F3A182704B874008A8366 /* AppDelegate.swift in Sources */,
				BB8F3A1A2704B874008A8366 /* SceneDelegate.swift in Sources */,
			);
			runOnlyForDeploymentPostprocessing = 0;
		};
		BB8F3A262704B875008A8366 /* Sources */ = {
			isa = PBXSourcesBuildPhase;
			buildActionMask = 2147483647;
			files = (
				BB8F3A2F2704B876008A8366 /* Wifi_TesterTests.swift in Sources */,
			);
			runOnlyForDeploymentPostprocessing = 0;
		};
		BB8F3A302704B876008A8366 /* Sources */ = {
			isa = PBXSourcesBuildPhase;
			buildActionMask = 2147483647;
			files = (
				BB8F3A3B2704B876008A8366 /* Wifi_TesterUITestsLaunchTests.swift in Sources */,
				BB8F3A392704B876008A8366 /* Wifi_TesterUITests.swift in Sources */,
			);
			runOnlyForDeploymentPostprocessing = 0;
		};
/* End PBXSourcesBuildPhase section */

/* Begin PBXTargetDependency section */
		BB8F3A2C2704B876008A8366 /* PBXTargetDependency */ = {
			isa = PBXTargetDependency;
			target = BB8F3A132704B874008A8366 /* Wifi Tester */;
			targetProxy = BB8F3A2B2704B876008A8366 /* PBXContainerItemProxy */;
		};
		BB8F3A362704B876008A8366 /* PBXTargetDependency */ = {
			isa = PBXTargetDependency;
			target = BB8F3A132704B874008A8366 /* Wifi Tester */;
			targetProxy = BB8F3A352704B876008A8366 /* PBXContainerItemProxy */;
		};
/* End PBXTargetDependency section */

/* Begin PBXVariantGroup section */
		BB8F3A1D2704B874008A8366 /* Main.storyboard */ = {
			isa = PBXVariantGroup;
			children = (
				BB8F3A1E2704B874008A8366 /* Base */,
			);
			name = Main.storyboard;
			sourceTree = "<group>";
		};
		BB8F3A222704B875008A8366 /* LaunchScreen.storyboard */ = {
			isa = PBXVariantGroup;
			children = (
				BB8F3A232704B875008A8366 /* Base */,
			);
			name = LaunchScreen.storyboard;
			sourceTree = "<group>";
		};
/* End PBXVariantGroup section */

/* Begin XCBuildConfiguration section */
		BB8F3A3C2704B876008A8366 /* Debug */ = {
			isa = XCBuildConfiguration;
			buildSettings = {
				ALWAYS_SEARCH_USER_PATHS = NO;
				CLANG_ANALYZER_NONNULL = YES;
				CLANG_ANALYZER_NUMBER_OBJECT_CONVERSION = YES_AGGRESSIVE;
				CLANG_CXX_LANGUAGE_STANDARD = "gnu++17";
				CLANG_CXX_LIBRARY = "libc++";
				CLANG_ENABLE_MODULES = YES;
				CLANG_ENABLE_OBJC_ARC = YES;
				CLANG_ENABLE_OBJC_WEAK = YES;
				CLANG_WARN_BLOCK_CAPTURE_AUTORELEASING = YES;
				CLANG_WARN_BOOL_CONVERSION = YES;
				CLANG_WARN_COMMA = YES;
				CLANG_WARN_CONSTANT_CONVERSION = YES;
				CLANG_WARN_DEPRECATED_OBJC_IMPLEMENTATIONS = YES;
				CLANG_WARN_DIRECT_OBJC_ISA_USAGE = YES_ERROR;
				CLANG_WARN_DOCUMENTATION_COMMENTS = YES;
				CLANG_WARN_EMPTY_BODY = YES;
				CLANG_WARN_ENUM_CONVERSION = YES;
				CLANG_WARN_INFINITE_RECURSION = YES;
				CLANG_WARN_INT_CONVERSION = YES;
				CLANG_WARN_NON_LITERAL_NULL_CONVERSION = YES;
				CLANG_WARN_OBJC_IMPLICIT_RETAIN_SELF = YES;
				CLANG_WARN_OBJC_LITERAL_CONVERSION = YES;
				CLANG_WARN_OBJC_ROOT_CLASS = YES_ERROR;
				CLANG_WARN_QUOTED_INCLUDE_IN_FRAMEWORK_HEADER = YES;
				CLANG_WARN_RANGE_LOOP_ANALYSIS = YES;
				CLANG_WARN_STRICT_PROTOTYPES = YES;
				CLANG_WARN_SUSPICIOUS_MOVE = YES;
				CLANG_WARN_UNGUARDED_AVAILABILITY = YES_AGGRESSIVE;
				CLANG_WARN_UNREACHABLE_CODE = YES;
				CLANG_WARN__DUPLICATE_METHOD_MATCH = YES;
				COPY_PHASE_STRIP = NO;
				DEBUG_INFORMATION_FORMAT = dwarf;
				ENABLE_STRICT_OBJC_MSGSEND = YES;
				ENABLE_TESTABILITY = YES;
				GCC_C_LANGUAGE_STANDARD = gnu11;
				GCC_DYNAMIC_NO_PIC = NO;
				GCC_NO_COMMON_BLOCKS = YES;
				GCC_OPTIMIZATION_LEVEL = 0;
				GCC_PREPROCESSOR_DEFINITIONS = (
					"DEBUG=1",
					"$(inherited)",
				);
				GCC_WARN_64_TO_32_BIT_CONVERSION = YES;
				GCC_WARN_ABOUT_RETURN_TYPE = YES_ERROR;
				GCC_WARN_UNDECLARED_SELECTOR = YES;
				GCC_WARN_UNINITIALIZED_AUTOS = YES_AGGRESSIVE;
				GCC_WARN_UNUSED_FUNCTION = YES;
				GCC_WARN_UNUSED_VARIABLE = YES;
				IPHONEOS_DEPLOYMENT_TARGET = 14.0;
				MTL_ENABLE_DEBUG_INFO = INCLUDE_SOURCE;
				MTL_FAST_MATH = YES;
				ONLY_ACTIVE_ARCH = YES;
				SDKROOT = iphoneos;
				SWIFT_ACTIVE_COMPILATION_CONDITIONS = DEBUG;
				SWIFT_OPTIMIZATION_LEVEL = "-Onone";
			};
			name = Debug;
		};
		BB8F3A3D2704B876008A8366 /* Release */ = {
			isa = XCBuildConfiguration;
			buildSettings = {
				ALWAYS_SEARCH_USER_PATHS = NO;
				CLANG_ANALYZER_NONNULL = YES;
				CLANG_ANALYZER_NUMBER_OBJECT_CONVERSION = YES_AGGRESSIVE;
				CLANG_CXX_LANGUAGE_STANDARD = "gnu++17";
				CLANG_CXX_LIBRARY = "libc++";
				CLANG_ENABLE_MODULES = YES;
				CLANG_ENABLE_OBJC_ARC = YES;
				CLANG_ENABLE_OBJC_WEAK = YES;
				CLANG_WARN_BLOCK_CAPTURE_AUTORELEASING = YES;
				CLANG_WARN_BOOL_CONVERSION = YES;
				CLANG_WARN_COMMA = YES;
				CLANG_WARN_CONSTANT_CONVERSION = YES;
				CLANG_WARN_DEPRECATED_OBJC_IMPLEMENTATIONS = YES;
				CLANG_WARN_DIRECT_OBJC_ISA_USAGE = YES_ERROR;
				CLANG_WARN_DOCUMENTATION_COMMENTS = YES;
				CLANG_WARN_EMPTY_BODY = YES;
				CLANG_WARN_ENUM_CONVERSION = YES;
				CLANG_WARN_INFINITE_RECURSION = YES;
				CLANG_WARN_INT_CONVERSION = YES;
				CLANG_WARN_NON_LITERAL_NULL_CONVERSION = YES;
				CLANG_WARN_OBJC_IMPLICIT_RETAIN_SELF = YES;
				CLANG_WARN_OBJC_LITERAL_CONVERSION = YES;
				CLANG_WARN_OBJC_ROOT_CLASS = YES_ERROR;
				CLANG_WARN_QUOTED_INCLUDE_IN_FRAMEWORK_HEADER = YES;
				CLANG_WARN_RANGE_LOOP_ANALYSIS = YES;
				CLANG_WARN_STRICT_PROTOTYPES = YES;
				CLANG_WARN_SUSPICIOUS_MOVE = YES;
				CLANG_WARN_UNGUARDED_AVAILABILITY = YES_AGGRESSIVE;
				CLANG_WARN_UNREACHABLE_CODE = YES;
				CLANG_WARN__DUPLICATE_METHOD_MATCH = YES;
				COPY_PHASE_STRIP = NO;
				DEBUG_INFORMATION_FORMAT = "dwarf-with-dsym";
				ENABLE_NS_ASSERTIONS = NO;
				ENABLE_STRICT_OBJC_MSGSEND = YES;
				GCC_C_LANGUAGE_STANDARD = gnu11;
				GCC_NO_COMMON_BLOCKS = YES;
				GCC_WARN_64_TO_32_BIT_CONVERSION = YES;
				GCC_WARN_ABOUT_RETURN_TYPE = YES_ERROR;
				GCC_WARN_UNDECLARED_SELECTOR = YES;
				GCC_WARN_UNINITIALIZED_AUTOS = YES_AGGRESSIVE;
				GCC_WARN_UNUSED_FUNCTION = YES;
				GCC_WARN_UNUSED_VARIABLE = YES;
				IPHONEOS_DEPLOYMENT_TARGET = 14.0;
				MTL_ENABLE_DEBUG_INFO = NO;
				MTL_FAST_MATH = YES;
				SDKROOT = iphoneos;
				SWIFT_COMPILATION_MODE = wholemodule;
				SWIFT_OPTIMIZATION_LEVEL = "-O";
				VALIDATE_PRODUCT = YES;
			};
			name = Release;
		};
		BB8F3A3F2704B876008A8366 /* Debug */ = {
			isa = XCBuildConfiguration;
			buildSettings = {
				ASSETCATALOG_COMPILER_APPICON_NAME = AppIcon;
				ASSETCATALOG_COMPILER_GLOBAL_ACCENT_COLOR_NAME = AccentColor;
				CODE_SIGN_ENTITLEMENTS = "Wifi Tester/Wifi Tester.entitlements";
				CODE_SIGN_STYLE = Automatic;
				CURRENT_PROJECT_VERSION = 1;
				DEVELOPMENT_TEAM = 5W2J8485JR;
				GENERATE_INFOPLIST_FILE = YES;
				INFOPLIST_FILE = "Wifi Tester/Info.plist";
				INFOPLIST_KEY_NSLocationAlwaysAndWhenInUseUsageDescription = test;
				INFOPLIST_KEY_NSLocationWhenInUseUsageDescription = test2;
				INFOPLIST_KEY_UIApplicationSupportsIndirectInputEvents = YES;
				INFOPLIST_KEY_UILaunchStoryboardName = LaunchScreen;
				INFOPLIST_KEY_UIMainStoryboardFile = Main;
				INFOPLIST_KEY_UISupportedInterfaceOrientations_iPad = "UIInterfaceOrientationPortrait UIInterfaceOrientationPortraitUpsideDown UIInterfaceOrientationLandscapeLeft UIInterfaceOrientationLandscapeRight";
				INFOPLIST_KEY_UISupportedInterfaceOrientations_iPhone = "UIInterfaceOrientationPortrait UIInterfaceOrientationLandscapeLeft UIInterfaceOrientationLandscapeRight";
				LD_RUNPATH_SEARCH_PATHS = (
					"$(inherited)",
					"@executable_path/Frameworks",
				);
				MARKETING_VERSION = 1.0;
				PRODUCT_BUNDLE_IDENTIFIER = "cs98.Wifi-Tester";
				PRODUCT_NAME = "$(TARGET_NAME)";
				SWIFT_EMIT_LOC_STRINGS = YES;
				SWIFT_VERSION = 5.0;
				TARGETED_DEVICE_FAMILY = "1,2";
			};
			name = Debug;
		};
		BB8F3A402704B876008A8366 /* Release */ = {
			isa = XCBuildConfiguration;
			buildSettings = {
				ASSETCATALOG_COMPILER_APPICON_NAME = AppIcon;
				ASSETCATALOG_COMPILER_GLOBAL_ACCENT_COLOR_NAME = AccentColor;
				CODE_SIGN_ENTITLEMENTS = "Wifi Tester/Wifi Tester.entitlements";
				CODE_SIGN_STYLE = Automatic;
				CURRENT_PROJECT_VERSION = 1;
				DEVELOPMENT_TEAM = 5W2J8485JR;
				GENERATE_INFOPLIST_FILE = YES;
				INFOPLIST_FILE = "Wifi Tester/Info.plist";
				INFOPLIST_KEY_NSLocationAlwaysAndWhenInUseUsageDescription = test;
				INFOPLIST_KEY_NSLocationWhenInUseUsageDescription = test2;
				INFOPLIST_KEY_UIApplicationSupportsIndirectInputEvents = YES;
				INFOPLIST_KEY_UILaunchStoryboardName = LaunchScreen;
				INFOPLIST_KEY_UIMainStoryboardFile = Main;
				INFOPLIST_KEY_UISupportedInterfaceOrientations_iPad = "UIInterfaceOrientationPortrait UIInterfaceOrientationPortraitUpsideDown UIInterfaceOrientationLandscapeLeft UIInterfaceOrientationLandscapeRight";
				INFOPLIST_KEY_UISupportedInterfaceOrientations_iPhone = "UIInterfaceOrientationPortrait UIInterfaceOrientationLandscapeLeft UIInterfaceOrientationLandscapeRight";
				LD_RUNPATH_SEARCH_PATHS = (
					"$(inherited)",
					"@executable_path/Frameworks",
				);
				MARKETING_VERSION = 1.0;
				PRODUCT_BUNDLE_IDENTIFIER = "cs98.Wifi-Tester";
				PRODUCT_NAME = "$(TARGET_NAME)";
				SWIFT_EMIT_LOC_STRINGS = YES;
				SWIFT_VERSION = 5.0;
				TARGETED_DEVICE_FAMILY = "1,2";
			};
			name = Release;
		};
		BB8F3A422704B876008A8366 /* Debug */ = {
			isa = XCBuildConfiguration;
			buildSettings = {
				ALWAYS_EMBED_SWIFT_STANDARD_LIBRARIES = YES;
				BUNDLE_LOADER = "$(TEST_HOST)";
				CODE_SIGN_STYLE = Automatic;
				CURRENT_PROJECT_VERSION = 1;
				GENERATE_INFOPLIST_FILE = YES;
				IPHONEOS_DEPLOYMENT_TARGET = 15.0;
				LD_RUNPATH_SEARCH_PATHS = (
					"$(inherited)",
					"@executable_path/Frameworks",
					"@loader_path/Frameworks",
				);
				MARKETING_VERSION = 1.0;
				PRODUCT_BUNDLE_IDENTIFIER = "cs98.Wifi-TesterTests";
				PRODUCT_NAME = "$(TARGET_NAME)";
				SWIFT_EMIT_LOC_STRINGS = NO;
				SWIFT_VERSION = 5.0;
				TARGETED_DEVICE_FAMILY = "1,2";
				TEST_HOST = "$(BUILT_PRODUCTS_DIR)/Wifi Tester.app/Wifi Tester";
			};
			name = Debug;
		};
		BB8F3A432704B876008A8366 /* Release */ = {
			isa = XCBuildConfiguration;
			buildSettings = {
				ALWAYS_EMBED_SWIFT_STANDARD_LIBRARIES = YES;
				BUNDLE_LOADER = "$(TEST_HOST)";
				CODE_SIGN_STYLE = Automatic;
				CURRENT_PROJECT_VERSION = 1;
				GENERATE_INFOPLIST_FILE = YES;
				IPHONEOS_DEPLOYMENT_TARGET = 15.0;
				LD_RUNPATH_SEARCH_PATHS = (
					"$(inherited)",
					"@executable_path/Frameworks",
					"@loader_path/Frameworks",
				);
				MARKETING_VERSION = 1.0;
				PRODUCT_BUNDLE_IDENTIFIER = "cs98.Wifi-TesterTests";
				PRODUCT_NAME = "$(TARGET_NAME)";
				SWIFT_EMIT_LOC_STRINGS = NO;
				SWIFT_VERSION = 5.0;
				TARGETED_DEVICE_FAMILY = "1,2";
				TEST_HOST = "$(BUILT_PRODUCTS_DIR)/Wifi Tester.app/Wifi Tester";
			};
			name = Release;
		};
		BB8F3A452704B876008A8366 /* Debug */ = {
			isa = XCBuildConfiguration;
			buildSettings = {
				ALWAYS_EMBED_SWIFT_STANDARD_LIBRARIES = YES;
				CODE_SIGN_STYLE = Automatic;
				CURRENT_PROJECT_VERSION = 1;
				GENERATE_INFOPLIST_FILE = YES;
				LD_RUNPATH_SEARCH_PATHS = (
					"$(inherited)",
					"@executable_path/Frameworks",
					"@loader_path/Frameworks",
				);
				MARKETING_VERSION = 1.0;
				PRODUCT_BUNDLE_IDENTIFIER = "cs98.Wifi-TesterUITests";
				PRODUCT_NAME = "$(TARGET_NAME)";
				SWIFT_EMIT_LOC_STRINGS = NO;
				SWIFT_VERSION = 5.0;
				TARGETED_DEVICE_FAMILY = "1,2";
				TEST_TARGET_NAME = "Wifi Tester";
			};
			name = Debug;
		};
		BB8F3A462704B876008A8366 /* Release */ = {
			isa = XCBuildConfiguration;
			buildSettings = {
				ALWAYS_EMBED_SWIFT_STANDARD_LIBRARIES = YES;
				CODE_SIGN_STYLE = Automatic;
				CURRENT_PROJECT_VERSION = 1;
				GENERATE_INFOPLIST_FILE = YES;
				LD_RUNPATH_SEARCH_PATHS = (
					"$(inherited)",
					"@executable_path/Frameworks",
					"@loader_path/Frameworks",
				);
				MARKETING_VERSION = 1.0;
				PRODUCT_BUNDLE_IDENTIFIER = "cs98.Wifi-TesterUITests";
				PRODUCT_NAME = "$(TARGET_NAME)";
				SWIFT_EMIT_LOC_STRINGS = NO;
				SWIFT_VERSION = 5.0;
				TARGETED_DEVICE_FAMILY = "1,2";
				TEST_TARGET_NAME = "Wifi Tester";
			};
			name = Release;
		};
/* End XCBuildConfiguration section */

/* Begin XCConfigurationList section */
		BB8F3A0F2704B874008A8366 /* Build configuration list for PBXProject "Wifi Tester" */ = {
			isa = XCConfigurationList;
			buildConfigurations = (
				BB8F3A3C2704B876008A8366 /* Debug */,
				BB8F3A3D2704B876008A8366 /* Release */,
			);
			defaultConfigurationIsVisible = 0;
			defaultConfigurationName = Release;
		};
		BB8F3A3E2704B876008A8366 /* Build configuration list for PBXNativeTarget "Wifi Tester" */ = {
			isa = XCConfigurationList;
			buildConfigurations = (
				BB8F3A3F2704B876008A8366 /* Debug */,
				BB8F3A402704B876008A8366 /* Release */,
			);
			defaultConfigurationIsVisible = 0;
			defaultConfigurationName = Release;
		};
		BB8F3A412704B876008A8366 /* Build configuration list for PBXNativeTarget "Wifi TesterTests" */ = {
			isa = XCConfigurationList;
			buildConfigurations = (
				BB8F3A422704B876008A8366 /* Debug */,
				BB8F3A432704B876008A8366 /* Release */,
			);
			defaultConfigurationIsVisible = 0;
			defaultConfigurationName = Release;
		};
		BB8F3A442704B876008A8366 /* Build configuration list for PBXNativeTarget "Wifi TesterUITests" */ = {
			isa = XCConfigurationList;
			buildConfigurations = (
				BB8F3A452704B876008A8366 /* Debug */,
				BB8F3A462704B876008A8366 /* Release */,
			);
			defaultConfigurationIsVisible = 0;
			defaultConfigurationName = Release;
		};
/* End XCConfigurationList section */
	};
	rootObject = BB8F3A0C2704B874008A8366 /* Project object */;
}
